<?xml version="1.0" encoding="utf-8"?>
<Project ToolsVersion="4.0" xmlns="http://schemas.microsoft.com/developer/msbuild/2003">
  <ItemGroup>
    <ClInclude Include="HopStep.h" />
    <ClInclude Include="stdafx.h">
      <Filter>Core</Filter>
    </ClInclude>
    <ClInclude Include="targetver.h">
      <Filter>Core</Filter>
    </ClInclude>
    <ClInclude Include="HsWindow.h">
      <Filter>Window</Filter>
    </ClInclude>
    <ClInclude Include="IScene.h">
      <Filter>Scene</Filter>
    </ClInclude>
    <ClInclude Include="HSGame.h">
      <Filter>Core</Filter>
    </ClInclude>
    <ClInclude Include="Result.h" />
    <ClInclude Include="Pool.h">
      <Filter>Util</Filter>
    </ClInclude>
    <ClInclude Include="IRenderer.h">
      <Filter>Rendering</Filter>
    </ClInclude>
    <ClInclude Include="HSDebug.h">
      <Filter>Debug</Filter>
    </ClInclude>
    <ClInclude Include="RenderCommand.h">
      <Filter>Rendering</Filter>
    </ClInclude>
    <ClInclude Include="Timer.h">
      <Filter>Core</Filter>
    </ClInclude>
    <ClInclude Include="DX11Renderer.h">
      <Filter>Rendering</Filter>
    </ClInclude>
    <ClInclude Include="SwapContainer.h">
      <Filter>Util</Filter>
    </ClInclude>
    <ClInclude Include="DX2DRenderer.h">
      <Filter>Rendering</Filter>
    </ClInclude>
    <ClInclude Include="InputLayer.h">
      <Filter>Input</Filter>
    </ClInclude>
    <ClInclude Include="Keys.h">
      <Filter>Input</Filter>
    </ClInclude>
    <ClInclude Include="GameObject.h">
      <Filter>Object</Filter>
    </ClInclude>
    <ClInclude Include="ObjectManager.h">
      <Filter>Object</Filter>
    </ClInclude>
    <ClInclude Include="CheckResult.h">
      <Filter>Debug</Filter>
    </ClInclude>
    <ClInclude Include="IDGenerator.h">
      <Filter>Util</Filter>
    </ClInclude>
    <ClInclude Include="DirectXDefine.h">
      <Filter>Rendering</Filter>
    </ClInclude>
    <ClInclude Include="StringHelper.h">
      <Filter>Util</Filter>
    </ClInclude>
    <ClInclude Include="HSColor.h">
      <Filter>Util</Filter>
    </ClInclude>
    <ClInclude Include="JsonSerialize.h">
      <Filter>Util</Filter>
    </ClInclude>
    <ClInclude Include="ByteSerialize.h">
      <Filter>Util</Filter>
    </ClInclude>
    <ClInclude Include="LoggerBase.h">
      <Filter>Util\Log</Filter>
    </ClInclude>
    <ClInclude Include="HSConsoleLogger.h">
      <Filter>Util\Log</Filter>
    </ClInclude>
    <ClInclude Include="RenderQueue.h">
      <Filter>Rendering</Filter>
    </ClInclude>
    <ClInclude Include="FrameInfo.h">
      <Filter>Rendering</Filter>
    </ClInclude>
    <ClInclude Include="RenderCommandDefine.h">
      <Filter>Rendering</Filter>
    </ClInclude>
    <ClInclude Include="RenderCommandProcessor.h">
      <Filter>Rendering</Filter>
    </ClInclude>
    <ClInclude Include="HSVector.h">
      <Filter>Util</Filter>
    </ClInclude>
  </ItemGroup>
  <ItemGroup>
    <Filter Include="Core">
      <UniqueIdentifier>{cf061c20-dace-4abb-9966-71d6ff1ed371}</UniqueIdentifier>
    </Filter>
    <Filter Include="Window">
      <UniqueIdentifier>{771c0d14-5a76-4d6f-90fd-eb1fca505358}</UniqueIdentifier>
    </Filter>
    <Filter Include="Debug">
      <UniqueIdentifier>{ab60a33b-5cbd-460e-9e14-95d96761b890}</UniqueIdentifier>
    </Filter>
    <Filter Include="Scene">
      <UniqueIdentifier>{fc161cf8-01fa-47b5-8a92-03700302e774}</UniqueIdentifier>
    </Filter>
    <Filter Include="Rendering">
      <UniqueIdentifier>{8949f0b8-0c5c-4f87-b0c1-f07b3704485f}</UniqueIdentifier>
    </Filter>
    <Filter Include="Util">
      <UniqueIdentifier>{66df21be-5fbb-4aad-8e2e-63404d6e9ecd}</UniqueIdentifier>
    </Filter>
    <Filter Include="Input">
      <UniqueIdentifier>{46da09e6-9bcc-449d-8649-6f24c569cbd8}</UniqueIdentifier>
    </Filter>
    <Filter Include="Object">
      <UniqueIdentifier>{e1a9e350-b7bf-4fec-898a-9234d2085899}</UniqueIdentifier>
    </Filter>
    <Filter Include="Util\Log">
      <UniqueIdentifier>{b5c393e2-fb31-4513-9cc4-11c3ce5f1f06}</UniqueIdentifier>
    </Filter>
  </ItemGroup>
  <ItemGroup>
    <ClCompile Include="stdafx.cpp">
      <Filter>Core</Filter>
    </ClCompile>
    <ClCompile Include="HsWindow.cpp">
      <Filter>Window</Filter>
    </ClCompile>
    <ClCompile Include="HSGame.cpp">
      <Filter>Core</Filter>
    </ClCompile>
    <ClCompile Include="HSDebug.cpp">
      <Filter>Debug</Filter>
    </ClCompile>
    <ClCompile Include="RenderCommand.cpp">
      <Filter>Rendering</Filter>
    </ClCompile>
    <ClCompile Include="Timer.cpp">
      <Filter>Core</Filter>
    </ClCompile>
    <ClCompile Include="DX11Renderer.cpp">
      <Filter>Rendering</Filter>
    </ClCompile>
    <ClCompile Include="DX2DRenderer.cpp">
      <Filter>Rendering</Filter>
    </ClCompile>
    <ClCompile Include="InputLayer.cpp">
      <Filter>Input</Filter>
    </ClCompile>
    <ClCompile Include="GameObject.cpp">
      <Filter>Object</Filter>
    </ClCompile>
    <ClCompile Include="ObjectManager.cpp">
      <Filter>Object</Filter>
    </ClCompile>
    <ClCompile Include="IDGenerator.cpp">
      <Filter>Util</Filter>
    </ClCompile>
    <ClCompile Include="StringHelper.cpp">
      <Filter>Util</Filter>
    </ClCompile>
    <ClCompile Include="HSColor.cpp">
      <Filter>Util</Filter>
    </ClCompile>
    <ClCompile Include="JsonSerialize.cpp">
      <Filter>Util</Filter>
    </ClCompile>
    <ClCompile Include="RenderCommandProcessor.cpp">
      <Filter>Rendering</Filter>
    </ClCompile>
  </ItemGroup>
</Project>