<?xml version="1.0" encoding="utf-8"?>
<Project ToolsVersion="4.0" xmlns="http://schemas.microsoft.com/developer/msbuild/2003">
  <ItemGroup>
    <ClInclude Include="HopStep.h" />
    <ClInclude Include="stdafx.h">
      <Filter>Core</Filter>
    </ClInclude>
    <ClInclude Include="targetver.h">
      <Filter>Core</Filter>
    </ClInclude>
    <ClInclude Include="HsWindow.h">
      <Filter>Window</Filter>
    </ClInclude>
    <ClInclude Include="IScene.h">
      <Filter>Scene</Filter>
    </ClInclude>
    <ClInclude Include="HSGame.h">
      <Filter>Core</Filter>
    </ClInclude>
    <ClInclude Include="HSDebug.h" />
    <ClInclude Include="Result.h" />
    <ClInclude Include="Timer.h" />
    <ClInclude Include="RenderCommand.h" />
    <ClInclude Include="Pool.h">
      <Filter>Util</Filter>
    </ClInclude>
  </ItemGroup>
  <ItemGroup>
    <Filter Include="Core">
      <UniqueIdentifier>{cf061c20-dace-4abb-9966-71d6ff1ed371}</UniqueIdentifier>
    </Filter>
    <Filter Include="Window">
      <UniqueIdentifier>{771c0d14-5a76-4d6f-90fd-eb1fca505358}</UniqueIdentifier>
    </Filter>
    <Filter Include="Debug">
      <UniqueIdentifier>{ab60a33b-5cbd-460e-9e14-95d96761b890}</UniqueIdentifier>
    </Filter>
    <Filter Include="Scene">
      <UniqueIdentifier>{fc161cf8-01fa-47b5-8a92-03700302e774}</UniqueIdentifier>
    </Filter>
    <Filter Include="Rendering">
      <UniqueIdentifier>{8949f0b8-0c5c-4f87-b0c1-f07b3704485f}</UniqueIdentifier>
    </Filter>
    <Filter Include="Util">
      <UniqueIdentifier>{66df21be-5fbb-4aad-8e2e-63404d6e9ecd}</UniqueIdentifier>
    </Filter>
  </ItemGroup>
  <ItemGroup>
    <ClCompile Include="stdafx.cpp">
      <Filter>Core</Filter>
    </ClCompile>
    <ClCompile Include="HsWindow.cpp">
      <Filter>Window</Filter>
    </ClCompile>
    <ClCompile Include="HSGame.cpp">
      <Filter>Core</Filter>
    </ClCompile>
    <ClCompile Include="HSDebug.cpp" />
    <ClCompile Include="Timer.cpp" />
    <ClCompile Include="RenderCommand.cpp" />
  </ItemGroup>
</Project>